
Microsoft Visual Studio Solution File, Format Version 12.00
# Visual Studio Version 16
VisualStudioVersion = 16.0.29230.47
MinimumVisualStudioVersion = 10.0.40219.1
Project("{FAE04EC0-301F-11D3-BF4B-00C04F79EFBC}") = "WebApi190910", "WebApi190910\WebApi190910.csproj", "{1374A9E2-CE17-4027-A45D-05D9B6F2207B}"
EndProject
Global
	GlobalSection(SolutionConfigurationPlatforms) = preSolution
		Debug|Any CPU = Debug|Any CPU
		Release|Any CPU = Release|Any CPU
	EndGlobalSection
	GlobalSection(ProjectConfigurationPlatforms) = postSolution
		{1374A9E2-CE17-4027-A45D-05D9B6F2207B}.Debug|Any CPU.ActiveCfg = Debug|Any CPU
		{1374A9E2-CE17-4027-A45D-05D9B6F2207B}.Debug|Any CPU.Build.0 = Debug|Any CPU
		{1374A9E2-CE17-4027-A45D-05D9B6F2207B}.Release|Any CPU.ActiveCfg = Release|Any CPU
		{1374A9E2-CE17-4027-A45D-05D9B6F2207B}.Release|Any CPU.Build.0 = Release|Any CPU
	EndGlobalSection
	GlobalSection(SolutionProperties) = preSolution
		HideSolutionNode = FALSE
	EndGlobalSection
	GlobalSection(ExtensibilityGlobals) = postSolution
		SolutionGuid = {08F5C125-A4A6-4E4E-88BD-370C84E9C88D}
	EndGlobalSection
EndGlobal
